
Microsoft Visual Studio Solution File, Format Version 12.00
# Visual Studio Version 17
VisualStudioVersion = 17.13.35825.156 d17.13
MinimumVisualStudioVersion = 10.0.40219.1
Project("{FAE04EC0-301F-11D3-BF4B-00C04F79EFBC}") = "FEH Data Extractor", "FEHDataExtractor\FEH Data Extractor.csproj", "{9C07FED7-1041-4AAF-A981-C07A157CEF0F}"
EndProject
Project("{2150E333-8FDC-42A3-9474-1A3956D46DE8}") = "솔루션 항목", "솔루션 항목", "{2A3A057F-5D22-31FD-628C-DF5EF75AEF1E}"
	ProjectSection(SolutionItems) = preProject
		FEHDataExtractor\LogForm.cs = FEHDataExtractor\LogForm.cs
	EndProjectSection
EndProject
Global
	GlobalSection(SolutionConfigurationPlatforms) = preSolution
		Debug|Any CPU = Debug|Any CPU
		Release|Any CPU = Release|Any CPU
	EndGlobalSection
	GlobalSection(ProjectConfigurationPlatforms) = postSolution
		{9C07FED7-1041-4AAF-A981-C07A157CEF0F}.Debug|Any CPU.ActiveCfg = Debug|Any CPU
		{9C07FED7-1041-4AAF-A981-C07A157CEF0F}.Debug|Any CPU.Build.0 = Debug|Any CPU
		{9C07FED7-1041-4AAF-A981-C07A157CEF0F}.Release|Any CPU.ActiveCfg = Release|Any CPU
		{9C07FED7-1041-4AAF-A981-C07A157CEF0F}.Release|Any CPU.Build.0 = Release|Any CPU
	EndGlobalSection
	GlobalSection(SolutionProperties) = preSolution
		HideSolutionNode = FALSE
	EndGlobalSection
	GlobalSection(ExtensibilityGlobals) = postSolution
		SolutionGuid = {5529AE9B-8670-4DD8-8062-D2B9C493CA41}
	EndGlobalSection
EndGlobal
